
Microsoft Visual Studio Solution File, Format Version 12.00
Project("{FAE04EC0-301F-11D3-BF4B-00C04F79EFBC}") = "Base.Contracts.Domain", "Base.Contracts.Domain\Base.Contracts.Domain.csproj", "{A1B2C3D4-E5F6-7890-1234-567890ABCDEF}"
EndProject
Project("{FAE04EC0-301F-11D3-BF4B-00C04F79EFBC}") = "Base.Domain", "Base.Domain\Base.Domain.csproj", "{B2C3D4E5-F6A7-8901-2345-678901BCDEF0}"
EndProject
Project("{FAE04EC0-301F-11D3-BF4B-00C04F79EFBC}") = "App.Domain", "App.Domain\App.Domain.csproj", "{BED861CB-9D56-883A-588A-0880A5F9D7F4}"
EndProject
Project("{FAE04EC0-301F-11D3-BF4B-00C04F79EFBC}") = "App.Infrastructure", "App.Infrastructure\App.Infrastructure.csproj", "{885F5E0B-630D-0A1A-3AC0-5C9EBD8A9FC6}"
EndProject
Project("{FAE04EC0-301F-11D3-BF4B-00C04F79EFBC}") = "App.Application", "App.Application\App.Application.csproj", "{FC94EDDF-0415-4FF4-BA3D-0917D35318BA}"
EndProject
Project("{FAE04EC0-301F-11D3-BF4B-00C04F79EFBC}") = "WebApp", "WebApp\WebApp.csproj", "{B2CEBD30-10D2-45A8-8BC5-59C7D6369E97}"
EndProject
Project("{FAE04EC0-301F-11D3-BF4B-00C04F79EFBC}") = "Base.Helpers", "Base.Helpers\Base.Helpers.csproj", "{F2444493-9836-45F3-99E2-C117E8CE0C28}"
EndProject
Project("{FAE04EC0-301F-11D3-BF4B-00C04F79EFBC}") = "App.Resources", "App.Resources\App.Resources.csproj", "{34BBD13F-A907-4A4B-BDEF-5078C97E11D6}"
EndProject
Project("{2150E333-8FDC-42A3-9474-1A3956D46DE8}") = "Base", "Base", "{FCAE75A8-87F4-49F6-A077-72F78FE4F92C}"
EndProject
Project("{2150E333-8FDC-42A3-9474-1A3956D46DE8}") = "App", "App", "{DC49FA2E-1E60-4976-8D6F-618A4FFB7503}"
EndProject
Project("{FAE04EC0-301F-11D3-BF4B-00C04F79EFBC}") = "Base.DAL.Contracts", "Base.DAL.Contracts\Base.DAL.Contracts.csproj", "{54CFBAC5-5415-4CF8-9CBC-ABD89BD50162}"
EndProject
Project("{FAE04EC0-301F-11D3-BF4B-00C04F79EFBC}") = "Base.DAL.EF", "Base.DAL.EF\Base.DAL.EF.csproj", "{BD126D3D-8D8C-4004-A851-93B0DBC9B736}"
EndProject
Project("{2150E333-8FDC-42A3-9474-1A3956D46DE8}") = "Tests", "Tests", "{0AB3BF05-4346-4AA6-1389-037BE0695223}"
EndProject
Project("{FAE04EC0-301F-11D3-BF4B-00C04F79EFBC}") = "Domain.Tests", "Tests\Domain.Tests\Domain.Tests.csproj", "{98EBCB4E-AA4D-4222-839D-DA29ED6F6FDE}"
EndProject
Project("{FAE04EC0-301F-11D3-BF4B-00C04F79EFBC}") = "Application.Tests", "Tests\Application.Tests\Application.Tests.csproj", "{C332ABDB-9582-4AD0-A59E-F81F5A1C6E98}"
EndProject
Project("{FAE04EC0-301F-11D3-BF4B-00C04F79EFBC}") = "Infrastructure.Tests", "Tests\Infrastructure.Tests\Infrastructure.Tests.csproj", "{7A94F6E5-8C30-4217-A7F0-F5A45BCA7A4A}"
EndProject
Project("{FAE04EC0-301F-11D3-BF4B-00C04F79EFBC}") = "WebApp.Tests", "Tests\WebApp.Tests\WebApp.Tests.csproj", "{7E83ECCF-49A6-4AEF-91D3-26459BD722B9}"
EndProject
Global
	GlobalSection(SolutionConfigurationPlatforms) = preSolution
		Debug|Any CPU = Debug|Any CPU
		Debug|x64 = Debug|x64
		Debug|x86 = Debug|x86
		Release|Any CPU = Release|Any CPU
		Release|x64 = Release|x64
		Release|x86 = Release|x86
	EndGlobalSection
	GlobalSection(ProjectConfigurationPlatforms) = postSolution
		{A1B2C3D4-E5F6-7890-1234-567890ABCDEF}.Debug|Any CPU.ActiveCfg = Debug|Any CPU
		{A1B2C3D4-E5F6-7890-1234-567890ABCDEF}.Debug|Any CPU.Build.0 = Debug|Any CPU
		{A1B2C3D4-E5F6-7890-1234-567890ABCDEF}.Debug|x64.ActiveCfg = Debug|Any CPU
		{A1B2C3D4-E5F6-7890-1234-567890ABCDEF}.Debug|x64.Build.0 = Debug|Any CPU
		{A1B2C3D4-E5F6-7890-1234-567890ABCDEF}.Debug|x86.ActiveCfg = Debug|Any CPU
		{A1B2C3D4-E5F6-7890-1234-567890ABCDEF}.Debug|x86.Build.0 = Debug|Any CPU
		{A1B2C3D4-E5F6-7890-1234-567890ABCDEF}.Release|Any CPU.ActiveCfg = Release|Any CPU
		{A1B2C3D4-E5F6-7890-1234-567890ABCDEF}.Release|Any CPU.Build.0 = Release|Any CPU
		{A1B2C3D4-E5F6-7890-1234-567890ABCDEF}.Release|x64.ActiveCfg = Release|Any CPU
		{A1B2C3D4-E5F6-7890-1234-567890ABCDEF}.Release|x64.Build.0 = Release|Any CPU
		{A1B2C3D4-E5F6-7890-1234-567890ABCDEF}.Release|x86.ActiveCfg = Release|Any CPU
		{A1B2C3D4-E5F6-7890-1234-567890ABCDEF}.Release|x86.Build.0 = Release|Any CPU
		{B2C3D4E5-F6A7-8901-2345-678901BCDEF0}.Debug|Any CPU.ActiveCfg = Debug|Any CPU
		{B2C3D4E5-F6A7-8901-2345-678901BCDEF0}.Debug|Any CPU.Build.0 = Debug|Any CPU
		{B2C3D4E5-F6A7-8901-2345-678901BCDEF0}.Debug|x64.ActiveCfg = Debug|Any CPU
		{B2C3D4E5-F6A7-8901-2345-678901BCDEF0}.Debug|x64.Build.0 = Debug|Any CPU
		{B2C3D4E5-F6A7-8901-2345-678901BCDEF0}.Debug|x86.ActiveCfg = Debug|Any CPU
		{B2C3D4E5-F6A7-8901-2345-678901BCDEF0}.Debug|x86.Build.0 = Debug|Any CPU
		{B2C3D4E5-F6A7-8901-2345-678901BCDEF0}.Release|Any CPU.ActiveCfg = Release|Any CPU
		{B2C3D4E5-F6A7-8901-2345-678901BCDEF0}.Release|Any CPU.Build.0 = Release|Any CPU
		{B2C3D4E5-F6A7-8901-2345-678901BCDEF0}.Release|x64.ActiveCfg = Release|Any CPU
		{B2C3D4E5-F6A7-8901-2345-678901BCDEF0}.Release|x64.Build.0 = Release|Any CPU
		{B2C3D4E5-F6A7-8901-2345-678901BCDEF0}.Release|x86.ActiveCfg = Release|Any CPU
		{B2C3D4E5-F6A7-8901-2345-678901BCDEF0}.Release|x86.Build.0 = Release|Any CPU
		{BED861CB-9D56-883A-588A-0880A5F9D7F4}.Debug|Any CPU.ActiveCfg = Debug|Any CPU
		{BED861CB-9D56-883A-588A-0880A5F9D7F4}.Debug|Any CPU.Build.0 = Debug|Any CPU
		{BED861CB-9D56-883A-588A-0880A5F9D7F4}.Debug|x64.ActiveCfg = Debug|Any CPU
		{BED861CB-9D56-883A-588A-0880A5F9D7F4}.Debug|x64.Build.0 = Debug|Any CPU
		{BED861CB-9D56-883A-588A-0880A5F9D7F4}.Debug|x86.ActiveCfg = Debug|Any CPU
		{BED861CB-9D56-883A-588A-0880A5F9D7F4}.Debug|x86.Build.0 = Debug|Any CPU
		{BED861CB-9D56-883A-588A-0880A5F9D7F4}.Release|Any CPU.ActiveCfg = Release|Any CPU
		{BED861CB-9D56-883A-588A-0880A5F9D7F4}.Release|Any CPU.Build.0 = Release|Any CPU
		{BED861CB-9D56-883A-588A-0880A5F9D7F4}.Release|x64.ActiveCfg = Release|Any CPU
		{BED861CB-9D56-883A-588A-0880A5F9D7F4}.Release|x64.Build.0 = Release|Any CPU
		{BED861CB-9D56-883A-588A-0880A5F9D7F4}.Release|x86.ActiveCfg = Release|Any CPU
		{BED861CB-9D56-883A-588A-0880A5F9D7F4}.Release|x86.Build.0 = Release|Any CPU
		{885F5E0B-630D-0A1A-3AC0-5C9EBD8A9FC6}.Debug|Any CPU.ActiveCfg = Debug|Any CPU
		{885F5E0B-630D-0A1A-3AC0-5C9EBD8A9FC6}.Debug|Any CPU.Build.0 = Debug|Any CPU
		{885F5E0B-630D-0A1A-3AC0-5C9EBD8A9FC6}.Debug|x64.ActiveCfg = Debug|Any CPU
		{885F5E0B-630D-0A1A-3AC0-5C9EBD8A9FC6}.Debug|x64.Build.0 = Debug|Any CPU
		{885F5E0B-630D-0A1A-3AC0-5C9EBD8A9FC6}.Debug|x86.ActiveCfg = Debug|Any CPU
		{885F5E0B-630D-0A1A-3AC0-5C9EBD8A9FC6}.Debug|x86.Build.0 = Debug|Any CPU
		{885F5E0B-630D-0A1A-3AC0-5C9EBD8A9FC6}.Release|Any CPU.ActiveCfg = Release|Any CPU
		{885F5E0B-630D-0A1A-3AC0-5C9EBD8A9FC6}.Release|Any CPU.Build.0 = Release|Any CPU
		{885F5E0B-630D-0A1A-3AC0-5C9EBD8A9FC6}.Release|x64.ActiveCfg = Release|Any CPU
		{885F5E0B-630D-0A1A-3AC0-5C9EBD8A9FC6}.Release|x64.Build.0 = Release|Any CPU
		{885F5E0B-630D-0A1A-3AC0-5C9EBD8A9FC6}.Release|x86.ActiveCfg = Release|Any CPU
		{885F5E0B-630D-0A1A-3AC0-5C9EBD8A9FC6}.Release|x86.Build.0 = Release|Any CPU
		{FC94EDDF-0415-4FF4-BA3D-0917D35318BA}.Debug|Any CPU.ActiveCfg = Debug|Any CPU
		{FC94EDDF-0415-4FF4-BA3D-0917D35318BA}.Debug|Any CPU.Build.0 = Debug|Any CPU
		{FC94EDDF-0415-4FF4-BA3D-0917D35318BA}.Debug|x64.ActiveCfg = Debug|Any CPU
		{FC94EDDF-0415-4FF4-BA3D-0917D35318BA}.Debug|x64.Build.0 = Debug|Any CPU
		{FC94EDDF-0415-4FF4-BA3D-0917D35318BA}.Debug|x86.ActiveCfg = Debug|Any CPU
		{FC94EDDF-0415-4FF4-BA3D-0917D35318BA}.Debug|x86.Build.0 = Debug|Any CPU
		{FC94EDDF-0415-4FF4-BA3D-0917D35318BA}.Release|Any CPU.ActiveCfg = Release|Any CPU
		{FC94EDDF-0415-4FF4-BA3D-0917D35318BA}.Release|Any CPU.Build.0 = Release|Any CPU
		{FC94EDDF-0415-4FF4-BA3D-0917D35318BA}.Release|x64.ActiveCfg = Release|Any CPU
		{FC94EDDF-0415-4FF4-BA3D-0917D35318BA}.Release|x64.Build.0 = Release|Any CPU
		{FC94EDDF-0415-4FF4-BA3D-0917D35318BA}.Release|x86.ActiveCfg = Release|Any CPU
		{FC94EDDF-0415-4FF4-BA3D-0917D35318BA}.Release|x86.Build.0 = Release|Any CPU
		{B2CEBD30-10D2-45A8-8BC5-59C7D6369E97}.Debug|Any CPU.ActiveCfg = Debug|Any CPU
		{B2CEBD30-10D2-45A8-8BC5-59C7D6369E97}.Debug|Any CPU.Build.0 = Debug|Any CPU
		{B2CEBD30-10D2-45A8-8BC5-59C7D6369E97}.Debug|x64.ActiveCfg = Debug|Any CPU
		{B2CEBD30-10D2-45A8-8BC5-59C7D6369E97}.Debug|x64.Build.0 = Debug|Any CPU
		{B2CEBD30-10D2-45A8-8BC5-59C7D6369E97}.Debug|x86.ActiveCfg = Debug|Any CPU
		{B2CEBD30-10D2-45A8-8BC5-59C7D6369E97}.Debug|x86.Build.0 = Debug|Any CPU
		{B2CEBD30-10D2-45A8-8BC5-59C7D6369E97}.Release|Any CPU.ActiveCfg = Release|Any CPU
		{B2CEBD30-10D2-45A8-8BC5-59C7D6369E97}.Release|Any CPU.Build.0 = Release|Any CPU
		{B2CEBD30-10D2-45A8-8BC5-59C7D6369E97}.Release|x64.ActiveCfg = Release|Any CPU
		{B2CEBD30-10D2-45A8-8BC5-59C7D6369E97}.Release|x64.Build.0 = Release|Any CPU
		{B2CEBD30-10D2-45A8-8BC5-59C7D6369E97}.Release|x86.ActiveCfg = Release|Any CPU
		{B2CEBD30-10D2-45A8-8BC5-59C7D6369E97}.Release|x86.Build.0 = Release|Any CPU
		{F2444493-9836-45F3-99E2-C117E8CE0C28}.Debug|Any CPU.ActiveCfg = Debug|Any CPU
		{F2444493-9836-45F3-99E2-C117E8CE0C28}.Debug|Any CPU.Build.0 = Debug|Any CPU
		{F2444493-9836-45F3-99E2-C117E8CE0C28}.Debug|x64.ActiveCfg = Debug|Any CPU
		{F2444493-9836-45F3-99E2-C117E8CE0C28}.Debug|x64.Build.0 = Debug|Any CPU
		{F2444493-9836-45F3-99E2-C117E8CE0C28}.Debug|x86.ActiveCfg = Debug|Any CPU
		{F2444493-9836-45F3-99E2-C117E8CE0C28}.Debug|x86.Build.0 = Debug|Any CPU
		{F2444493-9836-45F3-99E2-C117E8CE0C28}.Release|Any CPU.ActiveCfg = Release|Any CPU
		{F2444493-9836-45F3-99E2-C117E8CE0C28}.Release|Any CPU.Build.0 = Release|Any CPU
		{F2444493-9836-45F3-99E2-C117E8CE0C28}.Release|x64.ActiveCfg = Release|Any CPU
		{F2444493-9836-45F3-99E2-C117E8CE0C28}.Release|x64.Build.0 = Release|Any CPU
		{F2444493-9836-45F3-99E2-C117E8CE0C28}.Release|x86.ActiveCfg = Release|Any CPU
		{F2444493-9836-45F3-99E2-C117E8CE0C28}.Release|x86.Build.0 = Release|Any CPU
		{34BBD13F-A907-4A4B-BDEF-5078C97E11D6}.Debug|Any CPU.ActiveCfg = Debug|Any CPU
		{34BBD13F-A907-4A4B-BDEF-5078C97E11D6}.Debug|Any CPU.Build.0 = Debug|Any CPU
		{34BBD13F-A907-4A4B-BDEF-5078C97E11D6}.Debug|x64.ActiveCfg = Debug|Any CPU
		{34BBD13F-A907-4A4B-BDEF-5078C97E11D6}.Debug|x64.Build.0 = Debug|Any CPU
		{34BBD13F-A907-4A4B-BDEF-5078C97E11D6}.Debug|x86.ActiveCfg = Debug|Any CPU
		{34BBD13F-A907-4A4B-BDEF-5078C97E11D6}.Debug|x86.Build.0 = Debug|Any CPU
		{34BBD13F-A907-4A4B-BDEF-5078C97E11D6}.Release|Any CPU.ActiveCfg = Release|Any CPU
		{34BBD13F-A907-4A4B-BDEF-5078C97E11D6}.Release|Any CPU.Build.0 = Release|Any CPU
		{34BBD13F-A907-4A4B-BDEF-5078C97E11D6}.Release|x64.ActiveCfg = Release|Any CPU
		{34BBD13F-A907-4A4B-BDEF-5078C97E11D6}.Release|x64.Build.0 = Release|Any CPU
		{34BBD13F-A907-4A4B-BDEF-5078C97E11D6}.Release|x86.ActiveCfg = Release|Any CPU
		{34BBD13F-A907-4A4B-BDEF-5078C97E11D6}.Release|x86.Build.0 = Release|Any CPU
		{54CFBAC5-5415-4CF8-9CBC-ABD89BD50162}.Debug|Any CPU.ActiveCfg = Debug|Any CPU
		{54CFBAC5-5415-4CF8-9CBC-ABD89BD50162}.Debug|Any CPU.Build.0 = Debug|Any CPU
		{54CFBAC5-5415-4CF8-9CBC-ABD89BD50162}.Debug|x64.ActiveCfg = Debug|Any CPU
		{54CFBAC5-5415-4CF8-9CBC-ABD89BD50162}.Debug|x64.Build.0 = Debug|Any CPU
		{54CFBAC5-5415-4CF8-9CBC-ABD89BD50162}.Debug|x86.ActiveCfg = Debug|Any CPU
		{54CFBAC5-5415-4CF8-9CBC-ABD89BD50162}.Debug|x86.Build.0 = Debug|Any CPU
		{54CFBAC5-5415-4CF8-9CBC-ABD89BD50162}.Release|Any CPU.ActiveCfg = Release|Any CPU
		{54CFBAC5-5415-4CF8-9CBC-ABD89BD50162}.Release|Any CPU.Build.0 = Release|Any CPU
		{54CFBAC5-5415-4CF8-9CBC-ABD89BD50162}.Release|x64.ActiveCfg = Release|Any CPU
		{54CFBAC5-5415-4CF8-9CBC-ABD89BD50162}.Release|x64.Build.0 = Release|Any CPU
		{54CFBAC5-5415-4CF8-9CBC-ABD89BD50162}.Release|x86.ActiveCfg = Release|Any CPU
		{54CFBAC5-5415-4CF8-9CBC-ABD89BD50162}.Release|x86.Build.0 = Release|Any CPU
		{BD126D3D-8D8C-4004-A851-93B0DBC9B736}.Debug|Any CPU.ActiveCfg = Debug|Any CPU
		{BD126D3D-8D8C-4004-A851-93B0DBC9B736}.Debug|Any CPU.Build.0 = Debug|Any CPU
		{BD126D3D-8D8C-4004-A851-93B0DBC9B736}.Debug|x64.ActiveCfg = Debug|Any CPU
		{BD126D3D-8D8C-4004-A851-93B0DBC9B736}.Debug|x64.Build.0 = Debug|Any CPU
		{BD126D3D-8D8C-4004-A851-93B0DBC9B736}.Debug|x86.ActiveCfg = Debug|Any CPU
		{BD126D3D-8D8C-4004-A851-93B0DBC9B736}.Debug|x86.Build.0 = Debug|Any CPU
		{BD126D3D-8D8C-4004-A851-93B0DBC9B736}.Release|Any CPU.ActiveCfg = Release|Any CPU
		{BD126D3D-8D8C-4004-A851-93B0DBC9B736}.Release|Any CPU.Build.0 = Release|Any CPU
		{BD126D3D-8D8C-4004-A851-93B0DBC9B736}.Release|x64.ActiveCfg = Release|Any CPU
		{BD126D3D-8D8C-4004-A851-93B0DBC9B736}.Release|x64.Build.0 = Release|Any CPU
		{BD126D3D-8D8C-4004-A851-93B0DBC9B736}.Release|x86.ActiveCfg = Release|Any CPU
		{BD126D3D-8D8C-4004-A851-93B0DBC9B736}.Release|x86.Build.0 = Release|Any CPU
		{98EBCB4E-AA4D-4222-839D-DA29ED6F6FDE}.Debug|Any CPU.ActiveCfg = Debug|Any CPU
		{98EBCB4E-AA4D-4222-839D-DA29ED6F6FDE}.Debug|Any CPU.Build.0 = Debug|Any CPU
		{98EBCB4E-AA4D-4222-839D-DA29ED6F6FDE}.Debug|x64.ActiveCfg = Debug|Any CPU
		{98EBCB4E-AA4D-4222-839D-DA29ED6F6FDE}.Debug|x64.Build.0 = Debug|Any CPU
		{98EBCB4E-AA4D-4222-839D-DA29ED6F6FDE}.Debug|x86.ActiveCfg = Debug|Any CPU
		{98EBCB4E-AA4D-4222-839D-DA29ED6F6FDE}.Debug|x86.Build.0 = Debug|Any CPU
		{98EBCB4E-AA4D-4222-839D-DA29ED6F6FDE}.Release|Any CPU.ActiveCfg = Release|Any CPU
		{98EBCB4E-AA4D-4222-839D-DA29ED6F6FDE}.Release|Any CPU.Build.0 = Release|Any CPU
		{98EBCB4E-AA4D-4222-839D-DA29ED6F6FDE}.Release|x64.ActiveCfg = Release|Any CPU
		{98EBCB4E-AA4D-4222-839D-DA29ED6F6FDE}.Release|x64.Build.0 = Release|Any CPU
		{98EBCB4E-AA4D-4222-839D-DA29ED6F6FDE}.Release|x86.ActiveCfg = Release|Any CPU
		{98EBCB4E-AA4D-4222-839D-DA29ED6F6FDE}.Release|x86.Build.0 = Release|Any CPU
		{C332ABDB-9582-4AD0-A59E-F81F5A1C6E98}.Debug|Any CPU.ActiveCfg = Debug|Any CPU
		{C332ABDB-9582-4AD0-A59E-F81F5A1C6E98}.Debug|Any CPU.Build.0 = Debug|Any CPU
		{C332ABDB-9582-4AD0-A59E-F81F5A1C6E98}.Debug|x64.ActiveCfg = Debug|Any CPU
		{C332ABDB-9582-4AD0-A59E-F81F5A1C6E98}.Debug|x64.Build.0 = Debug|Any CPU
		{C332ABDB-9582-4AD0-A59E-F81F5A1C6E98}.Debug|x86.ActiveCfg = Debug|Any CPU
		{C332ABDB-9582-4AD0-A59E-F81F5A1C6E98}.Debug|x86.Build.0 = Debug|Any CPU
		{C332ABDB-9582-4AD0-A59E-F81F5A1C6E98}.Release|Any CPU.ActiveCfg = Release|Any CPU
		{C332ABDB-9582-4AD0-A59E-F81F5A1C6E98}.Release|Any CPU.Build.0 = Release|Any CPU
		{C332ABDB-9582-4AD0-A59E-F81F5A1C6E98}.Release|x64.ActiveCfg = Release|Any CPU
		{C332ABDB-9582-4AD0-A59E-F81F5A1C6E98}.Release|x64.Build.0 = Release|Any CPU
		{C332ABDB-9582-4AD0-A59E-F81F5A1C6E98}.Release|x86.ActiveCfg = Release|Any CPU
		{C332ABDB-9582-4AD0-A59E-F81F5A1C6E98}.Release|x86.Build.0 = Release|Any CPU
		{7A94F6E5-8C30-4217-A7F0-F5A45BCA7A4A}.Debug|Any CPU.ActiveCfg = Debug|Any CPU
		{7A94F6E5-8C30-4217-A7F0-F5A45BCA7A4A}.Debug|Any CPU.Build.0 = Debug|Any CPU
		{7A94F6E5-8C30-4217-A7F0-F5A45BCA7A4A}.Debug|x64.ActiveCfg = Debug|Any CPU
		{7A94F6E5-8C30-4217-A7F0-F5A45BCA7A4A}.Debug|x64.Build.0 = Debug|Any CPU
		{7A94F6E5-8C30-4217-A7F0-F5A45BCA7A4A}.Debug|x86.ActiveCfg = Debug|Any CPU
		{7A94F6E5-8C30-4217-A7F0-F5A45BCA7A4A}.Debug|x86.Build.0 = Debug|Any CPU
		{7A94F6E5-8C30-4217-A7F0-F5A45BCA7A4A}.Release|Any CPU.ActiveCfg = Release|Any CPU
		{7A94F6E5-8C30-4217-A7F0-F5A45BCA7A4A}.Release|Any CPU.Build.0 = Release|Any CPU
		{7A94F6E5-8C30-4217-A7F0-F5A45BCA7A4A}.Release|x64.ActiveCfg = Release|Any CPU
		{7A94F6E5-8C30-4217-A7F0-F5A45BCA7A4A}.Release|x64.Build.0 = Release|Any CPU
		{7A94F6E5-8C30-4217-A7F0-F5A45BCA7A4A}.Release|x86.ActiveCfg = Release|Any CPU
		{7A94F6E5-8C30-4217-A7F0-F5A45BCA7A4A}.Release|x86.Build.0 = Release|Any CPU
		{7E83ECCF-49A6-4AEF-91D3-26459BD722B9}.Debug|Any CPU.ActiveCfg = Debug|Any CPU
		{7E83ECCF-49A6-4AEF-91D3-26459BD722B9}.Debug|Any CPU.Build.0 = Debug|Any CPU
		{7E83ECCF-49A6-4AEF-91D3-26459BD722B9}.Debug|x64.ActiveCfg = Debug|Any CPU
		{7E83ECCF-49A6-4AEF-91D3-26459BD722B9}.Debug|x64.Build.0 = Debug|Any CPU
		{7E83ECCF-49A6-4AEF-91D3-26459BD722B9}.Debug|x86.ActiveCfg = Debug|Any CPU
		{7E83ECCF-49A6-4AEF-91D3-26459BD722B9}.Debug|x86.Build.0 = Debug|Any CPU
		{7E83ECCF-49A6-4AEF-91D3-26459BD722B9}.Release|Any CPU.ActiveCfg = Release|Any CPU
		{7E83ECCF-49A6-4AEF-91D3-26459BD722B9}.Release|Any CPU.Build.0 = Release|Any CPU
		{7E83ECCF-49A6-4AEF-91D3-26459BD722B9}.Release|x64.ActiveCfg = Release|Any CPU
		{7E83ECCF-49A6-4AEF-91D3-26459BD722B9}.Release|x64.Build.0 = Release|Any CPU
		{7E83ECCF-49A6-4AEF-91D3-26459BD722B9}.Release|x86.ActiveCfg = Release|Any CPU
		{7E83ECCF-49A6-4AEF-91D3-26459BD722B9}.Release|x86.Build.0 = Release|Any CPU
	EndGlobalSection
	GlobalSection(SolutionProperties) = preSolution
		HideSolutionNode = FALSE
	EndGlobalSection
	GlobalSection(NestedProjects) = preSolution
		{A1B2C3D4-E5F6-7890-1234-567890ABCDEF} = {FCAE75A8-87F4-49F6-A077-72F78FE4F92C}
		{B2C3D4E5-F6A7-8901-2345-678901BCDEF0} = {FCAE75A8-87F4-49F6-A077-72F78FE4F92C}
		{BED861CB-9D56-883A-588A-0880A5F9D7F4} = {DC49FA2E-1E60-4976-8D6F-618A4FFB7503}
		{885F5E0B-630D-0A1A-3AC0-5C9EBD8A9FC6} = {DC49FA2E-1E60-4976-8D6F-618A4FFB7503}
		{FC94EDDF-0415-4FF4-BA3D-0917D35318BA} = {DC49FA2E-1E60-4976-8D6F-618A4FFB7503}
		{B2CEBD30-10D2-45A8-8BC5-59C7D6369E97} = {DC49FA2E-1E60-4976-8D6F-618A4FFB7503}
		{F2444493-9836-45F3-99E2-C117E8CE0C28} = {FCAE75A8-87F4-49F6-A077-72F78FE4F92C}
		{34BBD13F-A907-4A4B-BDEF-5078C97E11D6} = {DC49FA2E-1E60-4976-8D6F-618A4FFB7503}
		{54CFBAC5-5415-4CF8-9CBC-ABD89BD50162} = {FCAE75A8-87F4-49F6-A077-72F78FE4F92C}
		{BD126D3D-8D8C-4004-A851-93B0DBC9B736} = {FCAE75A8-87F4-49F6-A077-72F78FE4F92C}
		{98EBCB4E-AA4D-4222-839D-DA29ED6F6FDE} = {0AB3BF05-4346-4AA6-1389-037BE0695223}
		{C332ABDB-9582-4AD0-A59E-F81F5A1C6E98} = {0AB3BF05-4346-4AA6-1389-037BE0695223}
		{7A94F6E5-8C30-4217-A7F0-F5A45BCA7A4A} = {0AB3BF05-4346-4AA6-1389-037BE0695223}
		{7E83ECCF-49A6-4AEF-91D3-26459BD722B9} = {0AB3BF05-4346-4AA6-1389-037BE0695223}
	EndGlobalSection
EndGlobal
