
Microsoft Visual Studio Solution File, Format Version 12.00
Project("{FAE04EC0-301F-11D3-BF4B-00C04F79EFBC}") = "WebApp", "WebApp\WebApp.csproj", "{B2CEBD30-10D2-45A8-8BC5-59C7D6369E97}"
EndProject
Project("{FAE04EC0-301F-11D3-BF4B-00C04F79EFBC}") = "App.Resources", "App.Resources\App.Resources.csproj", "{34BBD13F-A907-4A4B-BDEF-5078C97E11D6}"
EndProject
Project("{2150E333-8FDC-42A3-9474-1A3956D46DE8}") = "App", "App", "{DC49FA2E-1E60-4976-8D6F-618A4FFB7503}"
EndProject
Project("{2150E333-8FDC-42A3-9474-1A3956D46DE8}") = "Tests", "Tests", "{0AB3BF05-4346-4AA6-1389-037BE0695223}"
EndProject
Project("{FAE04EC0-301F-11D3-BF4B-00C04F79EFBC}") = "WebApp.Tests", "Tests\WebApp.Tests\WebApp.Tests.csproj", "{7E83ECCF-49A6-4AEF-91D3-26459BD722B9}"
EndProject
Project("{2150E333-8FDC-42A3-9474-1A3956D46DE8}") = "Shared", "Shared", "{4F52FD11-658E-A102-6CD3-7D7C16FFA15B}"
EndProject
Project("{FAE04EC0-301F-11D3-BF4B-00C04F79EFBC}") = "Shared.Kernel", "Shared\Shared.Kernel\Shared.Kernel.csproj", "{1F35B4CD-81D0-4A54-9D92-14EC0D099A37}"
EndProject
Project("{FAE04EC0-301F-11D3-BF4B-00C04F79EFBC}") = "Shared.Contracts", "Shared\Shared.Contracts\Shared.Contracts.csproj", "{0E08A00D-86C1-4068-A7E2-A200267D27C1}"
EndProject
Project("{2150E333-8FDC-42A3-9474-1A3956D46DE8}") = "Modules", "Modules", "{CA253913-39DE-BFD0-C9A3-4B7EC6FBDF17}"
EndProject
Project("{2150E333-8FDC-42A3-9474-1A3956D46DE8}") = "Users", "Users", "{6E738700-F19F-83EF-9B5F-3C8900D73B86}"
EndProject
Project("{FAE04EC0-301F-11D3-BF4B-00C04F79EFBC}") = "Users.Domain", "Modules\Users\Users.Domain\Users.Domain.csproj", "{DBB2282D-E37B-4DC1-9B4D-1AEB25A26F31}"
EndProject
Project("{FAE04EC0-301F-11D3-BF4B-00C04F79EFBC}") = "Users.Application", "Modules\Users\Users.Application\Users.Application.csproj", "{51319C0C-73B0-408E-845B-2154DF7F5F51}"
EndProject
Project("{FAE04EC0-301F-11D3-BF4B-00C04F79EFBC}") = "Users.Infrastructure", "Modules\Users\Users.Infrastructure\Users.Infrastructure.csproj", "{47EFC899-F875-42FE-ADC3-A5319F57F3F3}"
EndProject
Project("{FAE04EC0-301F-11D3-BF4B-00C04F79EFBC}") = "Users.Resources", "Modules\Users\Users.Resources\Users.Resources.csproj", "{6A77D006-D345-4172-A422-29A5212A4D7F}"
EndProject
Project("{2150E333-8FDC-42A3-9474-1A3956D46DE8}") = "Fleet", "Fleet", "{7B5F340C-713E-E873-ABA4-E46AB42F0F51}"
EndProject
Project("{FAE04EC0-301F-11D3-BF4B-00C04F79EFBC}") = "Fleet.Domain", "Modules\Fleet\Fleet.Domain\Fleet.Domain.csproj", "{51202186-181D-43C6-BB05-989E04A7DED7}"
EndProject
Project("{FAE04EC0-301F-11D3-BF4B-00C04F79EFBC}") = "Fleet.Application", "Modules\Fleet\Fleet.Application\Fleet.Application.csproj", "{3E546519-2FBF-47DB-874E-E7C5B44F5205}"
EndProject
Project("{FAE04EC0-301F-11D3-BF4B-00C04F79EFBC}") = "Fleet.Infrastructure", "Modules\Fleet\Fleet.Infrastructure\Fleet.Infrastructure.csproj", "{5A90957C-A7DC-425B-BE09-23107FF28F8C}"
EndProject
Project("{FAE04EC0-301F-11D3-BF4B-00C04F79EFBC}") = "Fleet.Resources", "Modules\Fleet\Fleet.Resources\Fleet.Resources.csproj", "{D9306DF7-C99E-4066-A0B8-55DD4CFF5BAC}"
EndProject
Project("{2150E333-8FDC-42A3-9474-1A3956D46DE8}") = "Booking", "Booking", "{E786206D-41DF-7E7C-EFEE-0E57200D9493}"
EndProject
Project("{FAE04EC0-301F-11D3-BF4B-00C04F79EFBC}") = "Booking.Domain", "Modules\Booking\Booking.Domain\Booking.Domain.csproj", "{F9801614-DE03-4181-B77B-3E5E1E54F744}"
EndProject
Project("{FAE04EC0-301F-11D3-BF4B-00C04F79EFBC}") = "Booking.Application", "Modules\Booking\Booking.Application\Booking.Application.csproj", "{41EA02EC-6A24-468A-B990-6D864F860F8B}"
EndProject
Project("{FAE04EC0-301F-11D3-BF4B-00C04F79EFBC}") = "Booking.Infrastructure", "Modules\Booking\Booking.Infrastructure\Booking.Infrastructure.csproj", "{25F1932F-A12B-482D-AE0C-0FF2375A2DB3}"
EndProject
Project("{FAE04EC0-301F-11D3-BF4B-00C04F79EFBC}") = "Booking.Resources", "Modules\Booking\Booking.Resources\Booking.Resources.csproj", "{188F6208-D071-42C4-91D0-A35106919E05}"
EndProject
Project("{FAE04EC0-301F-11D3-BF4B-00C04F79EFBC}") = "Users.Tests", "Tests\Users.Tests\Users.Tests.csproj", "{1DF32145-DE29-4433-972E-D40B7C807622}"
EndProject
Project("{FAE04EC0-301F-11D3-BF4B-00C04F79EFBC}") = "Fleet.Tests", "Tests\Fleet.Tests\Fleet.Tests.csproj", "{9DBDF68E-25A9-4206-9FF2-8080A9423059}"
EndProject
Project("{FAE04EC0-301F-11D3-BF4B-00C04F79EFBC}") = "Booking.Tests", "Tests\Booking.Tests\Booking.Tests.csproj", "{B1BBB126-67A4-41FF-A858-C90F105984BB}"
EndProject
Project("{FAE04EC0-301F-11D3-BF4B-00C04F79EFBC}") = "Integration.Tests", "Tests\Integration.Tests\Integration.Tests.csproj", "{6C68468F-E1E3-4D80-B4F4-34D2B05F3DF8}"
EndProject
Project("{FAE04EC0-301F-11D3-BF4B-00C04F79EFBC}") = "Fleet.Api", "Modules\Fleet\Fleet.Api\Fleet.Api.csproj", "{D6231D20-38F8-4FC4-8DFD-9533CAA6A578}"
EndProject
Project("{FAE04EC0-301F-11D3-BF4B-00C04F79EFBC}") = "Booking.Api", "Modules\Booking\Booking.Api\Booking.Api.csproj", "{880128C1-83E9-46FF-B766-700AAF6DED65}"
EndProject
Project("{FAE04EC0-301F-11D3-BF4B-00C04F79EFBC}") = "Users.Api", "Modules\Users\Users.Api\Users.Api.csproj", "{BBA0E3FF-7163-4C79-A905-F2037893CD67}"
EndProject
Project("{FAE04EC0-301F-11D3-BF4B-00C04F79EFBC}") = "Shared.Messaging", "Shared\Shared.Messaging\Shared.Messaging.csproj", "{6806AF9B-D404-458E-93A0-607551901F92}"
EndProject
Project("{2150E333-8FDC-42A3-9474-1A3956D46DE8}") = "Services", "Services", "{5854FF58-B8C5-05C6-5BF2-ACE42193F22B}"
EndProject
Project("{FAE04EC0-301F-11D3-BF4B-00C04F79EFBC}") = "Users.WebHost", "Services\Users.WebHost\Users.WebHost.csproj", "{7DAB71D6-5BC6-40C0-A4BD-332AFC308A68}"
EndProject
Project("{FAE04EC0-301F-11D3-BF4B-00C04F79EFBC}") = "Fleet.WebHost", "Services\Fleet.WebHost\Fleet.WebHost.csproj", "{ACB3EF52-4ACB-46D8-8384-E3EC7DEE602B}"
EndProject
Project("{FAE04EC0-301F-11D3-BF4B-00C04F79EFBC}") = "Booking.WebHost", "Services\Booking.WebHost\Booking.WebHost.csproj", "{B85B8DB2-11EF-47B7-8A27-194A0E99C8AA}"
EndProject
Global
	GlobalSection(SolutionConfigurationPlatforms) = preSolution
		Debug|Any CPU = Debug|Any CPU
		Debug|x64 = Debug|x64
		Debug|x86 = Debug|x86
		Release|Any CPU = Release|Any CPU
		Release|x64 = Release|x64
		Release|x86 = Release|x86
	EndGlobalSection
	GlobalSection(ProjectConfigurationPlatforms) = postSolution
		{B2CEBD30-10D2-45A8-8BC5-59C7D6369E97}.Debug|Any CPU.ActiveCfg = Debug|Any CPU
		{B2CEBD30-10D2-45A8-8BC5-59C7D6369E97}.Debug|Any CPU.Build.0 = Debug|Any CPU
		{B2CEBD30-10D2-45A8-8BC5-59C7D6369E97}.Debug|x64.ActiveCfg = Debug|Any CPU
		{B2CEBD30-10D2-45A8-8BC5-59C7D6369E97}.Debug|x64.Build.0 = Debug|Any CPU
		{B2CEBD30-10D2-45A8-8BC5-59C7D6369E97}.Debug|x86.ActiveCfg = Debug|Any CPU
		{B2CEBD30-10D2-45A8-8BC5-59C7D6369E97}.Debug|x86.Build.0 = Debug|Any CPU
		{B2CEBD30-10D2-45A8-8BC5-59C7D6369E97}.Release|Any CPU.ActiveCfg = Release|Any CPU
		{B2CEBD30-10D2-45A8-8BC5-59C7D6369E97}.Release|Any CPU.Build.0 = Release|Any CPU
		{B2CEBD30-10D2-45A8-8BC5-59C7D6369E97}.Release|x64.ActiveCfg = Release|Any CPU
		{B2CEBD30-10D2-45A8-8BC5-59C7D6369E97}.Release|x64.Build.0 = Release|Any CPU
		{B2CEBD30-10D2-45A8-8BC5-59C7D6369E97}.Release|x86.ActiveCfg = Release|Any CPU
		{B2CEBD30-10D2-45A8-8BC5-59C7D6369E97}.Release|x86.Build.0 = Release|Any CPU
		{34BBD13F-A907-4A4B-BDEF-5078C97E11D6}.Debug|Any CPU.ActiveCfg = Debug|Any CPU
		{34BBD13F-A907-4A4B-BDEF-5078C97E11D6}.Debug|Any CPU.Build.0 = Debug|Any CPU
		{34BBD13F-A907-4A4B-BDEF-5078C97E11D6}.Debug|x64.ActiveCfg = Debug|Any CPU
		{34BBD13F-A907-4A4B-BDEF-5078C97E11D6}.Debug|x64.Build.0 = Debug|Any CPU
		{34BBD13F-A907-4A4B-BDEF-5078C97E11D6}.Debug|x86.ActiveCfg = Debug|Any CPU
		{34BBD13F-A907-4A4B-BDEF-5078C97E11D6}.Debug|x86.Build.0 = Debug|Any CPU
		{34BBD13F-A907-4A4B-BDEF-5078C97E11D6}.Release|Any CPU.ActiveCfg = Release|Any CPU
		{34BBD13F-A907-4A4B-BDEF-5078C97E11D6}.Release|Any CPU.Build.0 = Release|Any CPU
		{34BBD13F-A907-4A4B-BDEF-5078C97E11D6}.Release|x64.ActiveCfg = Release|Any CPU
		{34BBD13F-A907-4A4B-BDEF-5078C97E11D6}.Release|x64.Build.0 = Release|Any CPU
		{34BBD13F-A907-4A4B-BDEF-5078C97E11D6}.Release|x86.ActiveCfg = Release|Any CPU
		{34BBD13F-A907-4A4B-BDEF-5078C97E11D6}.Release|x86.Build.0 = Release|Any CPU
		{7E83ECCF-49A6-4AEF-91D3-26459BD722B9}.Debug|Any CPU.ActiveCfg = Debug|Any CPU
		{7E83ECCF-49A6-4AEF-91D3-26459BD722B9}.Debug|Any CPU.Build.0 = Debug|Any CPU
		{7E83ECCF-49A6-4AEF-91D3-26459BD722B9}.Debug|x64.ActiveCfg = Debug|Any CPU
		{7E83ECCF-49A6-4AEF-91D3-26459BD722B9}.Debug|x64.Build.0 = Debug|Any CPU
		{7E83ECCF-49A6-4AEF-91D3-26459BD722B9}.Debug|x86.ActiveCfg = Debug|Any CPU
		{7E83ECCF-49A6-4AEF-91D3-26459BD722B9}.Debug|x86.Build.0 = Debug|Any CPU
		{7E83ECCF-49A6-4AEF-91D3-26459BD722B9}.Release|Any CPU.ActiveCfg = Release|Any CPU
		{7E83ECCF-49A6-4AEF-91D3-26459BD722B9}.Release|Any CPU.Build.0 = Release|Any CPU
		{7E83ECCF-49A6-4AEF-91D3-26459BD722B9}.Release|x64.ActiveCfg = Release|Any CPU
		{7E83ECCF-49A6-4AEF-91D3-26459BD722B9}.Release|x64.Build.0 = Release|Any CPU
		{7E83ECCF-49A6-4AEF-91D3-26459BD722B9}.Release|x86.ActiveCfg = Release|Any CPU
		{7E83ECCF-49A6-4AEF-91D3-26459BD722B9}.Release|x86.Build.0 = Release|Any CPU
		{1F35B4CD-81D0-4A54-9D92-14EC0D099A37}.Debug|Any CPU.ActiveCfg = Debug|Any CPU
		{1F35B4CD-81D0-4A54-9D92-14EC0D099A37}.Debug|Any CPU.Build.0 = Debug|Any CPU
		{1F35B4CD-81D0-4A54-9D92-14EC0D099A37}.Debug|x64.ActiveCfg = Debug|Any CPU
		{1F35B4CD-81D0-4A54-9D92-14EC0D099A37}.Debug|x64.Build.0 = Debug|Any CPU
		{1F35B4CD-81D0-4A54-9D92-14EC0D099A37}.Debug|x86.ActiveCfg = Debug|Any CPU
		{1F35B4CD-81D0-4A54-9D92-14EC0D099A37}.Debug|x86.Build.0 = Debug|Any CPU
		{1F35B4CD-81D0-4A54-9D92-14EC0D099A37}.Release|Any CPU.ActiveCfg = Release|Any CPU
		{1F35B4CD-81D0-4A54-9D92-14EC0D099A37}.Release|Any CPU.Build.0 = Release|Any CPU
		{1F35B4CD-81D0-4A54-9D92-14EC0D099A37}.Release|x64.ActiveCfg = Release|Any CPU
		{1F35B4CD-81D0-4A54-9D92-14EC0D099A37}.Release|x64.Build.0 = Release|Any CPU
		{1F35B4CD-81D0-4A54-9D92-14EC0D099A37}.Release|x86.ActiveCfg = Release|Any CPU
		{1F35B4CD-81D0-4A54-9D92-14EC0D099A37}.Release|x86.Build.0 = Release|Any CPU
		{0E08A00D-86C1-4068-A7E2-A200267D27C1}.Debug|Any CPU.ActiveCfg = Debug|Any CPU
		{0E08A00D-86C1-4068-A7E2-A200267D27C1}.Debug|Any CPU.Build.0 = Debug|Any CPU
		{0E08A00D-86C1-4068-A7E2-A200267D27C1}.Debug|x64.ActiveCfg = Debug|Any CPU
		{0E08A00D-86C1-4068-A7E2-A200267D27C1}.Debug|x64.Build.0 = Debug|Any CPU
		{0E08A00D-86C1-4068-A7E2-A200267D27C1}.Debug|x86.ActiveCfg = Debug|Any CPU
		{0E08A00D-86C1-4068-A7E2-A200267D27C1}.Debug|x86.Build.0 = Debug|Any CPU
		{0E08A00D-86C1-4068-A7E2-A200267D27C1}.Release|Any CPU.ActiveCfg = Release|Any CPU
		{0E08A00D-86C1-4068-A7E2-A200267D27C1}.Release|Any CPU.Build.0 = Release|Any CPU
		{0E08A00D-86C1-4068-A7E2-A200267D27C1}.Release|x64.ActiveCfg = Release|Any CPU
		{0E08A00D-86C1-4068-A7E2-A200267D27C1}.Release|x64.Build.0 = Release|Any CPU
		{0E08A00D-86C1-4068-A7E2-A200267D27C1}.Release|x86.ActiveCfg = Release|Any CPU
		{0E08A00D-86C1-4068-A7E2-A200267D27C1}.Release|x86.Build.0 = Release|Any CPU
		{DBB2282D-E37B-4DC1-9B4D-1AEB25A26F31}.Debug|Any CPU.ActiveCfg = Debug|Any CPU
		{DBB2282D-E37B-4DC1-9B4D-1AEB25A26F31}.Debug|Any CPU.Build.0 = Debug|Any CPU
		{DBB2282D-E37B-4DC1-9B4D-1AEB25A26F31}.Debug|x64.ActiveCfg = Debug|Any CPU
		{DBB2282D-E37B-4DC1-9B4D-1AEB25A26F31}.Debug|x64.Build.0 = Debug|Any CPU
		{DBB2282D-E37B-4DC1-9B4D-1AEB25A26F31}.Debug|x86.ActiveCfg = Debug|Any CPU
		{DBB2282D-E37B-4DC1-9B4D-1AEB25A26F31}.Debug|x86.Build.0 = Debug|Any CPU
		{DBB2282D-E37B-4DC1-9B4D-1AEB25A26F31}.Release|Any CPU.ActiveCfg = Release|Any CPU
		{DBB2282D-E37B-4DC1-9B4D-1AEB25A26F31}.Release|Any CPU.Build.0 = Release|Any CPU
		{DBB2282D-E37B-4DC1-9B4D-1AEB25A26F31}.Release|x64.ActiveCfg = Release|Any CPU
		{DBB2282D-E37B-4DC1-9B4D-1AEB25A26F31}.Release|x64.Build.0 = Release|Any CPU
		{DBB2282D-E37B-4DC1-9B4D-1AEB25A26F31}.Release|x86.ActiveCfg = Release|Any CPU
		{DBB2282D-E37B-4DC1-9B4D-1AEB25A26F31}.Release|x86.Build.0 = Release|Any CPU
		{51319C0C-73B0-408E-845B-2154DF7F5F51}.Debug|Any CPU.ActiveCfg = Debug|Any CPU
		{51319C0C-73B0-408E-845B-2154DF7F5F51}.Debug|Any CPU.Build.0 = Debug|Any CPU
		{51319C0C-73B0-408E-845B-2154DF7F5F51}.Debug|x64.ActiveCfg = Debug|Any CPU
		{51319C0C-73B0-408E-845B-2154DF7F5F51}.Debug|x64.Build.0 = Debug|Any CPU
		{51319C0C-73B0-408E-845B-2154DF7F5F51}.Debug|x86.ActiveCfg = Debug|Any CPU
		{51319C0C-73B0-408E-845B-2154DF7F5F51}.Debug|x86.Build.0 = Debug|Any CPU
		{51319C0C-73B0-408E-845B-2154DF7F5F51}.Release|Any CPU.ActiveCfg = Release|Any CPU
		{51319C0C-73B0-408E-845B-2154DF7F5F51}.Release|Any CPU.Build.0 = Release|Any CPU
		{51319C0C-73B0-408E-845B-2154DF7F5F51}.Release|x64.ActiveCfg = Release|Any CPU
		{51319C0C-73B0-408E-845B-2154DF7F5F51}.Release|x64.Build.0 = Release|Any CPU
		{51319C0C-73B0-408E-845B-2154DF7F5F51}.Release|x86.ActiveCfg = Release|Any CPU
		{51319C0C-73B0-408E-845B-2154DF7F5F51}.Release|x86.Build.0 = Release|Any CPU
		{47EFC899-F875-42FE-ADC3-A5319F57F3F3}.Debug|Any CPU.ActiveCfg = Debug|Any CPU
		{47EFC899-F875-42FE-ADC3-A5319F57F3F3}.Debug|Any CPU.Build.0 = Debug|Any CPU
		{47EFC899-F875-42FE-ADC3-A5319F57F3F3}.Debug|x64.ActiveCfg = Debug|Any CPU
		{47EFC899-F875-42FE-ADC3-A5319F57F3F3}.Debug|x64.Build.0 = Debug|Any CPU
		{47EFC899-F875-42FE-ADC3-A5319F57F3F3}.Debug|x86.ActiveCfg = Debug|Any CPU
		{47EFC899-F875-42FE-ADC3-A5319F57F3F3}.Debug|x86.Build.0 = Debug|Any CPU
		{47EFC899-F875-42FE-ADC3-A5319F57F3F3}.Release|Any CPU.ActiveCfg = Release|Any CPU
		{47EFC899-F875-42FE-ADC3-A5319F57F3F3}.Release|Any CPU.Build.0 = Release|Any CPU
		{47EFC899-F875-42FE-ADC3-A5319F57F3F3}.Release|x64.ActiveCfg = Release|Any CPU
		{47EFC899-F875-42FE-ADC3-A5319F57F3F3}.Release|x64.Build.0 = Release|Any CPU
		{47EFC899-F875-42FE-ADC3-A5319F57F3F3}.Release|x86.ActiveCfg = Release|Any CPU
		{47EFC899-F875-42FE-ADC3-A5319F57F3F3}.Release|x86.Build.0 = Release|Any CPU
		{6A77D006-D345-4172-A422-29A5212A4D7F}.Debug|Any CPU.ActiveCfg = Debug|Any CPU
		{6A77D006-D345-4172-A422-29A5212A4D7F}.Debug|Any CPU.Build.0 = Debug|Any CPU
		{6A77D006-D345-4172-A422-29A5212A4D7F}.Debug|x64.ActiveCfg = Debug|Any CPU
		{6A77D006-D345-4172-A422-29A5212A4D7F}.Debug|x64.Build.0 = Debug|Any CPU
		{6A77D006-D345-4172-A422-29A5212A4D7F}.Debug|x86.ActiveCfg = Debug|Any CPU
		{6A77D006-D345-4172-A422-29A5212A4D7F}.Debug|x86.Build.0 = Debug|Any CPU
		{6A77D006-D345-4172-A422-29A5212A4D7F}.Release|Any CPU.ActiveCfg = Release|Any CPU
		{6A77D006-D345-4172-A422-29A5212A4D7F}.Release|Any CPU.Build.0 = Release|Any CPU
		{6A77D006-D345-4172-A422-29A5212A4D7F}.Release|x64.ActiveCfg = Release|Any CPU
		{6A77D006-D345-4172-A422-29A5212A4D7F}.Release|x64.Build.0 = Release|Any CPU
		{6A77D006-D345-4172-A422-29A5212A4D7F}.Release|x86.ActiveCfg = Release|Any CPU
		{6A77D006-D345-4172-A422-29A5212A4D7F}.Release|x86.Build.0 = Release|Any CPU
		{51202186-181D-43C6-BB05-989E04A7DED7}.Debug|Any CPU.ActiveCfg = Debug|Any CPU
		{51202186-181D-43C6-BB05-989E04A7DED7}.Debug|Any CPU.Build.0 = Debug|Any CPU
		{51202186-181D-43C6-BB05-989E04A7DED7}.Debug|x64.ActiveCfg = Debug|Any CPU
		{51202186-181D-43C6-BB05-989E04A7DED7}.Debug|x64.Build.0 = Debug|Any CPU
		{51202186-181D-43C6-BB05-989E04A7DED7}.Debug|x86.ActiveCfg = Debug|Any CPU
		{51202186-181D-43C6-BB05-989E04A7DED7}.Debug|x86.Build.0 = Debug|Any CPU
		{51202186-181D-43C6-BB05-989E04A7DED7}.Release|Any CPU.ActiveCfg = Release|Any CPU
		{51202186-181D-43C6-BB05-989E04A7DED7}.Release|Any CPU.Build.0 = Release|Any CPU
		{51202186-181D-43C6-BB05-989E04A7DED7}.Release|x64.ActiveCfg = Release|Any CPU
		{51202186-181D-43C6-BB05-989E04A7DED7}.Release|x64.Build.0 = Release|Any CPU
		{51202186-181D-43C6-BB05-989E04A7DED7}.Release|x86.ActiveCfg = Release|Any CPU
		{51202186-181D-43C6-BB05-989E04A7DED7}.Release|x86.Build.0 = Release|Any CPU
		{3E546519-2FBF-47DB-874E-E7C5B44F5205}.Debug|Any CPU.ActiveCfg = Debug|Any CPU
		{3E546519-2FBF-47DB-874E-E7C5B44F5205}.Debug|Any CPU.Build.0 = Debug|Any CPU
		{3E546519-2FBF-47DB-874E-E7C5B44F5205}.Debug|x64.ActiveCfg = Debug|Any CPU
		{3E546519-2FBF-47DB-874E-E7C5B44F5205}.Debug|x64.Build.0 = Debug|Any CPU
		{3E546519-2FBF-47DB-874E-E7C5B44F5205}.Debug|x86.ActiveCfg = Debug|Any CPU
		{3E546519-2FBF-47DB-874E-E7C5B44F5205}.Debug|x86.Build.0 = Debug|Any CPU
		{3E546519-2FBF-47DB-874E-E7C5B44F5205}.Release|Any CPU.ActiveCfg = Release|Any CPU
		{3E546519-2FBF-47DB-874E-E7C5B44F5205}.Release|Any CPU.Build.0 = Release|Any CPU
		{3E546519-2FBF-47DB-874E-E7C5B44F5205}.Release|x64.ActiveCfg = Release|Any CPU
		{3E546519-2FBF-47DB-874E-E7C5B44F5205}.Release|x64.Build.0 = Release|Any CPU
		{3E546519-2FBF-47DB-874E-E7C5B44F5205}.Release|x86.ActiveCfg = Release|Any CPU
		{3E546519-2FBF-47DB-874E-E7C5B44F5205}.Release|x86.Build.0 = Release|Any CPU
		{5A90957C-A7DC-425B-BE09-23107FF28F8C}.Debug|Any CPU.ActiveCfg = Debug|Any CPU
		{5A90957C-A7DC-425B-BE09-23107FF28F8C}.Debug|Any CPU.Build.0 = Debug|Any CPU
		{5A90957C-A7DC-425B-BE09-23107FF28F8C}.Debug|x64.ActiveCfg = Debug|Any CPU
		{5A90957C-A7DC-425B-BE09-23107FF28F8C}.Debug|x64.Build.0 = Debug|Any CPU
		{5A90957C-A7DC-425B-BE09-23107FF28F8C}.Debug|x86.ActiveCfg = Debug|Any CPU
		{5A90957C-A7DC-425B-BE09-23107FF28F8C}.Debug|x86.Build.0 = Debug|Any CPU
		{5A90957C-A7DC-425B-BE09-23107FF28F8C}.Release|Any CPU.ActiveCfg = Release|Any CPU
		{5A90957C-A7DC-425B-BE09-23107FF28F8C}.Release|Any CPU.Build.0 = Release|Any CPU
		{5A90957C-A7DC-425B-BE09-23107FF28F8C}.Release|x64.ActiveCfg = Release|Any CPU
		{5A90957C-A7DC-425B-BE09-23107FF28F8C}.Release|x64.Build.0 = Release|Any CPU
		{5A90957C-A7DC-425B-BE09-23107FF28F8C}.Release|x86.ActiveCfg = Release|Any CPU
		{5A90957C-A7DC-425B-BE09-23107FF28F8C}.Release|x86.Build.0 = Release|Any CPU
		{D9306DF7-C99E-4066-A0B8-55DD4CFF5BAC}.Debug|Any CPU.ActiveCfg = Debug|Any CPU
		{D9306DF7-C99E-4066-A0B8-55DD4CFF5BAC}.Debug|Any CPU.Build.0 = Debug|Any CPU
		{D9306DF7-C99E-4066-A0B8-55DD4CFF5BAC}.Debug|x64.ActiveCfg = Debug|Any CPU
		{D9306DF7-C99E-4066-A0B8-55DD4CFF5BAC}.Debug|x64.Build.0 = Debug|Any CPU
		{D9306DF7-C99E-4066-A0B8-55DD4CFF5BAC}.Debug|x86.ActiveCfg = Debug|Any CPU
		{D9306DF7-C99E-4066-A0B8-55DD4CFF5BAC}.Debug|x86.Build.0 = Debug|Any CPU
		{D9306DF7-C99E-4066-A0B8-55DD4CFF5BAC}.Release|Any CPU.ActiveCfg = Release|Any CPU
		{D9306DF7-C99E-4066-A0B8-55DD4CFF5BAC}.Release|Any CPU.Build.0 = Release|Any CPU
		{D9306DF7-C99E-4066-A0B8-55DD4CFF5BAC}.Release|x64.ActiveCfg = Release|Any CPU
		{D9306DF7-C99E-4066-A0B8-55DD4CFF5BAC}.Release|x64.Build.0 = Release|Any CPU
		{D9306DF7-C99E-4066-A0B8-55DD4CFF5BAC}.Release|x86.ActiveCfg = Release|Any CPU
		{D9306DF7-C99E-4066-A0B8-55DD4CFF5BAC}.Release|x86.Build.0 = Release|Any CPU
		{F9801614-DE03-4181-B77B-3E5E1E54F744}.Debug|Any CPU.ActiveCfg = Debug|Any CPU
		{F9801614-DE03-4181-B77B-3E5E1E54F744}.Debug|Any CPU.Build.0 = Debug|Any CPU
		{F9801614-DE03-4181-B77B-3E5E1E54F744}.Debug|x64.ActiveCfg = Debug|Any CPU
		{F9801614-DE03-4181-B77B-3E5E1E54F744}.Debug|x64.Build.0 = Debug|Any CPU
		{F9801614-DE03-4181-B77B-3E5E1E54F744}.Debug|x86.ActiveCfg = Debug|Any CPU
		{F9801614-DE03-4181-B77B-3E5E1E54F744}.Debug|x86.Build.0 = Debug|Any CPU
		{F9801614-DE03-4181-B77B-3E5E1E54F744}.Release|Any CPU.ActiveCfg = Release|Any CPU
		{F9801614-DE03-4181-B77B-3E5E1E54F744}.Release|Any CPU.Build.0 = Release|Any CPU
		{F9801614-DE03-4181-B77B-3E5E1E54F744}.Release|x64.ActiveCfg = Release|Any CPU
		{F9801614-DE03-4181-B77B-3E5E1E54F744}.Release|x64.Build.0 = Release|Any CPU
		{F9801614-DE03-4181-B77B-3E5E1E54F744}.Release|x86.ActiveCfg = Release|Any CPU
		{F9801614-DE03-4181-B77B-3E5E1E54F744}.Release|x86.Build.0 = Release|Any CPU
		{41EA02EC-6A24-468A-B990-6D864F860F8B}.Debug|Any CPU.ActiveCfg = Debug|Any CPU
		{41EA02EC-6A24-468A-B990-6D864F860F8B}.Debug|Any CPU.Build.0 = Debug|Any CPU
		{41EA02EC-6A24-468A-B990-6D864F860F8B}.Debug|x64.ActiveCfg = Debug|Any CPU
		{41EA02EC-6A24-468A-B990-6D864F860F8B}.Debug|x64.Build.0 = Debug|Any CPU
		{41EA02EC-6A24-468A-B990-6D864F860F8B}.Debug|x86.ActiveCfg = Debug|Any CPU
		{41EA02EC-6A24-468A-B990-6D864F860F8B}.Debug|x86.Build.0 = Debug|Any CPU
		{41EA02EC-6A24-468A-B990-6D864F860F8B}.Release|Any CPU.ActiveCfg = Release|Any CPU
		{41EA02EC-6A24-468A-B990-6D864F860F8B}.Release|Any CPU.Build.0 = Release|Any CPU
		{41EA02EC-6A24-468A-B990-6D864F860F8B}.Release|x64.ActiveCfg = Release|Any CPU
		{41EA02EC-6A24-468A-B990-6D864F860F8B}.Release|x64.Build.0 = Release|Any CPU
		{41EA02EC-6A24-468A-B990-6D864F860F8B}.Release|x86.ActiveCfg = Release|Any CPU
		{41EA02EC-6A24-468A-B990-6D864F860F8B}.Release|x86.Build.0 = Release|Any CPU
		{25F1932F-A12B-482D-AE0C-0FF2375A2DB3}.Debug|Any CPU.ActiveCfg = Debug|Any CPU
		{25F1932F-A12B-482D-AE0C-0FF2375A2DB3}.Debug|Any CPU.Build.0 = Debug|Any CPU
		{25F1932F-A12B-482D-AE0C-0FF2375A2DB3}.Debug|x64.ActiveCfg = Debug|Any CPU
		{25F1932F-A12B-482D-AE0C-0FF2375A2DB3}.Debug|x64.Build.0 = Debug|Any CPU
		{25F1932F-A12B-482D-AE0C-0FF2375A2DB3}.Debug|x86.ActiveCfg = Debug|Any CPU
		{25F1932F-A12B-482D-AE0C-0FF2375A2DB3}.Debug|x86.Build.0 = Debug|Any CPU
		{25F1932F-A12B-482D-AE0C-0FF2375A2DB3}.Release|Any CPU.ActiveCfg = Release|Any CPU
		{25F1932F-A12B-482D-AE0C-0FF2375A2DB3}.Release|Any CPU.Build.0 = Release|Any CPU
		{25F1932F-A12B-482D-AE0C-0FF2375A2DB3}.Release|x64.ActiveCfg = Release|Any CPU
		{25F1932F-A12B-482D-AE0C-0FF2375A2DB3}.Release|x64.Build.0 = Release|Any CPU
		{25F1932F-A12B-482D-AE0C-0FF2375A2DB3}.Release|x86.ActiveCfg = Release|Any CPU
		{25F1932F-A12B-482D-AE0C-0FF2375A2DB3}.Release|x86.Build.0 = Release|Any CPU
		{188F6208-D071-42C4-91D0-A35106919E05}.Debug|Any CPU.ActiveCfg = Debug|Any CPU
		{188F6208-D071-42C4-91D0-A35106919E05}.Debug|Any CPU.Build.0 = Debug|Any CPU
		{188F6208-D071-42C4-91D0-A35106919E05}.Debug|x64.ActiveCfg = Debug|Any CPU
		{188F6208-D071-42C4-91D0-A35106919E05}.Debug|x64.Build.0 = Debug|Any CPU
		{188F6208-D071-42C4-91D0-A35106919E05}.Debug|x86.ActiveCfg = Debug|Any CPU
		{188F6208-D071-42C4-91D0-A35106919E05}.Debug|x86.Build.0 = Debug|Any CPU
		{188F6208-D071-42C4-91D0-A35106919E05}.Release|Any CPU.ActiveCfg = Release|Any CPU
		{188F6208-D071-42C4-91D0-A35106919E05}.Release|Any CPU.Build.0 = Release|Any CPU
		{188F6208-D071-42C4-91D0-A35106919E05}.Release|x64.ActiveCfg = Release|Any CPU
		{188F6208-D071-42C4-91D0-A35106919E05}.Release|x64.Build.0 = Release|Any CPU
		{188F6208-D071-42C4-91D0-A35106919E05}.Release|x86.ActiveCfg = Release|Any CPU
		{188F6208-D071-42C4-91D0-A35106919E05}.Release|x86.Build.0 = Release|Any CPU
		{1DF32145-DE29-4433-972E-D40B7C807622}.Debug|Any CPU.ActiveCfg = Debug|Any CPU
		{1DF32145-DE29-4433-972E-D40B7C807622}.Debug|Any CPU.Build.0 = Debug|Any CPU
		{1DF32145-DE29-4433-972E-D40B7C807622}.Debug|x64.ActiveCfg = Debug|Any CPU
		{1DF32145-DE29-4433-972E-D40B7C807622}.Debug|x64.Build.0 = Debug|Any CPU
		{1DF32145-DE29-4433-972E-D40B7C807622}.Debug|x86.ActiveCfg = Debug|Any CPU
		{1DF32145-DE29-4433-972E-D40B7C807622}.Debug|x86.Build.0 = Debug|Any CPU
		{1DF32145-DE29-4433-972E-D40B7C807622}.Release|Any CPU.ActiveCfg = Release|Any CPU
		{1DF32145-DE29-4433-972E-D40B7C807622}.Release|Any CPU.Build.0 = Release|Any CPU
		{1DF32145-DE29-4433-972E-D40B7C807622}.Release|x64.ActiveCfg = Release|Any CPU
		{1DF32145-DE29-4433-972E-D40B7C807622}.Release|x64.Build.0 = Release|Any CPU
		{1DF32145-DE29-4433-972E-D40B7C807622}.Release|x86.ActiveCfg = Release|Any CPU
		{1DF32145-DE29-4433-972E-D40B7C807622}.Release|x86.Build.0 = Release|Any CPU
		{9DBDF68E-25A9-4206-9FF2-8080A9423059}.Debug|Any CPU.ActiveCfg = Debug|Any CPU
		{9DBDF68E-25A9-4206-9FF2-8080A9423059}.Debug|Any CPU.Build.0 = Debug|Any CPU
		{9DBDF68E-25A9-4206-9FF2-8080A9423059}.Debug|x64.ActiveCfg = Debug|Any CPU
		{9DBDF68E-25A9-4206-9FF2-8080A9423059}.Debug|x64.Build.0 = Debug|Any CPU
		{9DBDF68E-25A9-4206-9FF2-8080A9423059}.Debug|x86.ActiveCfg = Debug|Any CPU
		{9DBDF68E-25A9-4206-9FF2-8080A9423059}.Debug|x86.Build.0 = Debug|Any CPU
		{9DBDF68E-25A9-4206-9FF2-8080A9423059}.Release|Any CPU.ActiveCfg = Release|Any CPU
		{9DBDF68E-25A9-4206-9FF2-8080A9423059}.Release|Any CPU.Build.0 = Release|Any CPU
		{9DBDF68E-25A9-4206-9FF2-8080A9423059}.Release|x64.ActiveCfg = Release|Any CPU
		{9DBDF68E-25A9-4206-9FF2-8080A9423059}.Release|x64.Build.0 = Release|Any CPU
		{9DBDF68E-25A9-4206-9FF2-8080A9423059}.Release|x86.ActiveCfg = Release|Any CPU
		{9DBDF68E-25A9-4206-9FF2-8080A9423059}.Release|x86.Build.0 = Release|Any CPU
		{B1BBB126-67A4-41FF-A858-C90F105984BB}.Debug|Any CPU.ActiveCfg = Debug|Any CPU
		{B1BBB126-67A4-41FF-A858-C90F105984BB}.Debug|Any CPU.Build.0 = Debug|Any CPU
		{B1BBB126-67A4-41FF-A858-C90F105984BB}.Debug|x64.ActiveCfg = Debug|Any CPU
		{B1BBB126-67A4-41FF-A858-C90F105984BB}.Debug|x64.Build.0 = Debug|Any CPU
		{B1BBB126-67A4-41FF-A858-C90F105984BB}.Debug|x86.ActiveCfg = Debug|Any CPU
		{B1BBB126-67A4-41FF-A858-C90F105984BB}.Debug|x86.Build.0 = Debug|Any CPU
		{B1BBB126-67A4-41FF-A858-C90F105984BB}.Release|Any CPU.ActiveCfg = Release|Any CPU
		{B1BBB126-67A4-41FF-A858-C90F105984BB}.Release|Any CPU.Build.0 = Release|Any CPU
		{B1BBB126-67A4-41FF-A858-C90F105984BB}.Release|x64.ActiveCfg = Release|Any CPU
		{B1BBB126-67A4-41FF-A858-C90F105984BB}.Release|x64.Build.0 = Release|Any CPU
		{B1BBB126-67A4-41FF-A858-C90F105984BB}.Release|x86.ActiveCfg = Release|Any CPU
		{B1BBB126-67A4-41FF-A858-C90F105984BB}.Release|x86.Build.0 = Release|Any CPU
		{6C68468F-E1E3-4D80-B4F4-34D2B05F3DF8}.Debug|Any CPU.ActiveCfg = Debug|Any CPU
		{6C68468F-E1E3-4D80-B4F4-34D2B05F3DF8}.Debug|Any CPU.Build.0 = Debug|Any CPU
		{6C68468F-E1E3-4D80-B4F4-34D2B05F3DF8}.Debug|x64.ActiveCfg = Debug|Any CPU
		{6C68468F-E1E3-4D80-B4F4-34D2B05F3DF8}.Debug|x64.Build.0 = Debug|Any CPU
		{6C68468F-E1E3-4D80-B4F4-34D2B05F3DF8}.Debug|x86.ActiveCfg = Debug|Any CPU
		{6C68468F-E1E3-4D80-B4F4-34D2B05F3DF8}.Debug|x86.Build.0 = Debug|Any CPU
		{6C68468F-E1E3-4D80-B4F4-34D2B05F3DF8}.Release|Any CPU.ActiveCfg = Release|Any CPU
		{6C68468F-E1E3-4D80-B4F4-34D2B05F3DF8}.Release|Any CPU.Build.0 = Release|Any CPU
		{6C68468F-E1E3-4D80-B4F4-34D2B05F3DF8}.Release|x64.ActiveCfg = Release|Any CPU
		{6C68468F-E1E3-4D80-B4F4-34D2B05F3DF8}.Release|x64.Build.0 = Release|Any CPU
		{6C68468F-E1E3-4D80-B4F4-34D2B05F3DF8}.Release|x86.ActiveCfg = Release|Any CPU
		{6C68468F-E1E3-4D80-B4F4-34D2B05F3DF8}.Release|x86.Build.0 = Release|Any CPU
		{D6231D20-38F8-4FC4-8DFD-9533CAA6A578}.Debug|Any CPU.ActiveCfg = Debug|Any CPU
		{D6231D20-38F8-4FC4-8DFD-9533CAA6A578}.Debug|Any CPU.Build.0 = Debug|Any CPU
		{D6231D20-38F8-4FC4-8DFD-9533CAA6A578}.Debug|x64.ActiveCfg = Debug|Any CPU
		{D6231D20-38F8-4FC4-8DFD-9533CAA6A578}.Debug|x64.Build.0 = Debug|Any CPU
		{D6231D20-38F8-4FC4-8DFD-9533CAA6A578}.Debug|x86.ActiveCfg = Debug|Any CPU
		{D6231D20-38F8-4FC4-8DFD-9533CAA6A578}.Debug|x86.Build.0 = Debug|Any CPU
		{D6231D20-38F8-4FC4-8DFD-9533CAA6A578}.Release|Any CPU.ActiveCfg = Release|Any CPU
		{D6231D20-38F8-4FC4-8DFD-9533CAA6A578}.Release|Any CPU.Build.0 = Release|Any CPU
		{D6231D20-38F8-4FC4-8DFD-9533CAA6A578}.Release|x64.ActiveCfg = Release|Any CPU
		{D6231D20-38F8-4FC4-8DFD-9533CAA6A578}.Release|x64.Build.0 = Release|Any CPU
		{D6231D20-38F8-4FC4-8DFD-9533CAA6A578}.Release|x86.ActiveCfg = Release|Any CPU
		{D6231D20-38F8-4FC4-8DFD-9533CAA6A578}.Release|x86.Build.0 = Release|Any CPU
		{880128C1-83E9-46FF-B766-700AAF6DED65}.Debug|Any CPU.ActiveCfg = Debug|Any CPU
		{880128C1-83E9-46FF-B766-700AAF6DED65}.Debug|Any CPU.Build.0 = Debug|Any CPU
		{880128C1-83E9-46FF-B766-700AAF6DED65}.Debug|x64.ActiveCfg = Debug|Any CPU
		{880128C1-83E9-46FF-B766-700AAF6DED65}.Debug|x64.Build.0 = Debug|Any CPU
		{880128C1-83E9-46FF-B766-700AAF6DED65}.Debug|x86.ActiveCfg = Debug|Any CPU
		{880128C1-83E9-46FF-B766-700AAF6DED65}.Debug|x86.Build.0 = Debug|Any CPU
		{880128C1-83E9-46FF-B766-700AAF6DED65}.Release|Any CPU.ActiveCfg = Release|Any CPU
		{880128C1-83E9-46FF-B766-700AAF6DED65}.Release|Any CPU.Build.0 = Release|Any CPU
		{880128C1-83E9-46FF-B766-700AAF6DED65}.Release|x64.ActiveCfg = Release|Any CPU
		{880128C1-83E9-46FF-B766-700AAF6DED65}.Release|x64.Build.0 = Release|Any CPU
		{880128C1-83E9-46FF-B766-700AAF6DED65}.Release|x86.ActiveCfg = Release|Any CPU
		{880128C1-83E9-46FF-B766-700AAF6DED65}.Release|x86.Build.0 = Release|Any CPU
		{BBA0E3FF-7163-4C79-A905-F2037893CD67}.Debug|Any CPU.ActiveCfg = Debug|Any CPU
		{BBA0E3FF-7163-4C79-A905-F2037893CD67}.Debug|Any CPU.Build.0 = Debug|Any CPU
		{BBA0E3FF-7163-4C79-A905-F2037893CD67}.Debug|x64.ActiveCfg = Debug|Any CPU
		{BBA0E3FF-7163-4C79-A905-F2037893CD67}.Debug|x64.Build.0 = Debug|Any CPU
		{BBA0E3FF-7163-4C79-A905-F2037893CD67}.Debug|x86.ActiveCfg = Debug|Any CPU
		{BBA0E3FF-7163-4C79-A905-F2037893CD67}.Debug|x86.Build.0 = Debug|Any CPU
		{BBA0E3FF-7163-4C79-A905-F2037893CD67}.Release|Any CPU.ActiveCfg = Release|Any CPU
		{BBA0E3FF-7163-4C79-A905-F2037893CD67}.Release|Any CPU.Build.0 = Release|Any CPU
		{BBA0E3FF-7163-4C79-A905-F2037893CD67}.Release|x64.ActiveCfg = Release|Any CPU
		{BBA0E3FF-7163-4C79-A905-F2037893CD67}.Release|x64.Build.0 = Release|Any CPU
		{BBA0E3FF-7163-4C79-A905-F2037893CD67}.Release|x86.ActiveCfg = Release|Any CPU
		{BBA0E3FF-7163-4C79-A905-F2037893CD67}.Release|x86.Build.0 = Release|Any CPU
		{6806AF9B-D404-458E-93A0-607551901F92}.Debug|Any CPU.ActiveCfg = Debug|Any CPU
		{6806AF9B-D404-458E-93A0-607551901F92}.Debug|Any CPU.Build.0 = Debug|Any CPU
		{6806AF9B-D404-458E-93A0-607551901F92}.Debug|x64.ActiveCfg = Debug|Any CPU
		{6806AF9B-D404-458E-93A0-607551901F92}.Debug|x64.Build.0 = Debug|Any CPU
		{6806AF9B-D404-458E-93A0-607551901F92}.Debug|x86.ActiveCfg = Debug|Any CPU
		{6806AF9B-D404-458E-93A0-607551901F92}.Debug|x86.Build.0 = Debug|Any CPU
		{6806AF9B-D404-458E-93A0-607551901F92}.Release|Any CPU.ActiveCfg = Release|Any CPU
		{6806AF9B-D404-458E-93A0-607551901F92}.Release|Any CPU.Build.0 = Release|Any CPU
		{6806AF9B-D404-458E-93A0-607551901F92}.Release|x64.ActiveCfg = Release|Any CPU
		{6806AF9B-D404-458E-93A0-607551901F92}.Release|x64.Build.0 = Release|Any CPU
		{6806AF9B-D404-458E-93A0-607551901F92}.Release|x86.ActiveCfg = Release|Any CPU
		{6806AF9B-D404-458E-93A0-607551901F92}.Release|x86.Build.0 = Release|Any CPU
		{7DAB71D6-5BC6-40C0-A4BD-332AFC308A68}.Debug|Any CPU.ActiveCfg = Debug|Any CPU
		{7DAB71D6-5BC6-40C0-A4BD-332AFC308A68}.Debug|Any CPU.Build.0 = Debug|Any CPU
		{7DAB71D6-5BC6-40C0-A4BD-332AFC308A68}.Debug|x64.ActiveCfg = Debug|Any CPU
		{7DAB71D6-5BC6-40C0-A4BD-332AFC308A68}.Debug|x64.Build.0 = Debug|Any CPU
		{7DAB71D6-5BC6-40C0-A4BD-332AFC308A68}.Debug|x86.ActiveCfg = Debug|Any CPU
		{7DAB71D6-5BC6-40C0-A4BD-332AFC308A68}.Debug|x86.Build.0 = Debug|Any CPU
		{7DAB71D6-5BC6-40C0-A4BD-332AFC308A68}.Release|Any CPU.ActiveCfg = Release|Any CPU
		{7DAB71D6-5BC6-40C0-A4BD-332AFC308A68}.Release|Any CPU.Build.0 = Release|Any CPU
		{7DAB71D6-5BC6-40C0-A4BD-332AFC308A68}.Release|x64.ActiveCfg = Release|Any CPU
		{7DAB71D6-5BC6-40C0-A4BD-332AFC308A68}.Release|x64.Build.0 = Release|Any CPU
		{7DAB71D6-5BC6-40C0-A4BD-332AFC308A68}.Release|x86.ActiveCfg = Release|Any CPU
		{7DAB71D6-5BC6-40C0-A4BD-332AFC308A68}.Release|x86.Build.0 = Release|Any CPU
		{ACB3EF52-4ACB-46D8-8384-E3EC7DEE602B}.Debug|Any CPU.ActiveCfg = Debug|Any CPU
		{ACB3EF52-4ACB-46D8-8384-E3EC7DEE602B}.Debug|Any CPU.Build.0 = Debug|Any CPU
		{ACB3EF52-4ACB-46D8-8384-E3EC7DEE602B}.Debug|x64.ActiveCfg = Debug|Any CPU
		{ACB3EF52-4ACB-46D8-8384-E3EC7DEE602B}.Debug|x64.Build.0 = Debug|Any CPU
		{ACB3EF52-4ACB-46D8-8384-E3EC7DEE602B}.Debug|x86.ActiveCfg = Debug|Any CPU
		{ACB3EF52-4ACB-46D8-8384-E3EC7DEE602B}.Debug|x86.Build.0 = Debug|Any CPU
		{ACB3EF52-4ACB-46D8-8384-E3EC7DEE602B}.Release|Any CPU.ActiveCfg = Release|Any CPU
		{ACB3EF52-4ACB-46D8-8384-E3EC7DEE602B}.Release|Any CPU.Build.0 = Release|Any CPU
		{ACB3EF52-4ACB-46D8-8384-E3EC7DEE602B}.Release|x64.ActiveCfg = Release|Any CPU
		{ACB3EF52-4ACB-46D8-8384-E3EC7DEE602B}.Release|x64.Build.0 = Release|Any CPU
		{ACB3EF52-4ACB-46D8-8384-E3EC7DEE602B}.Release|x86.ActiveCfg = Release|Any CPU
		{ACB3EF52-4ACB-46D8-8384-E3EC7DEE602B}.Release|x86.Build.0 = Release|Any CPU
		{B85B8DB2-11EF-47B7-8A27-194A0E99C8AA}.Debug|Any CPU.ActiveCfg = Debug|Any CPU
		{B85B8DB2-11EF-47B7-8A27-194A0E99C8AA}.Debug|Any CPU.Build.0 = Debug|Any CPU
		{B85B8DB2-11EF-47B7-8A27-194A0E99C8AA}.Debug|x64.ActiveCfg = Debug|Any CPU
		{B85B8DB2-11EF-47B7-8A27-194A0E99C8AA}.Debug|x64.Build.0 = Debug|Any CPU
		{B85B8DB2-11EF-47B7-8A27-194A0E99C8AA}.Debug|x86.ActiveCfg = Debug|Any CPU
		{B85B8DB2-11EF-47B7-8A27-194A0E99C8AA}.Debug|x86.Build.0 = Debug|Any CPU
		{B85B8DB2-11EF-47B7-8A27-194A0E99C8AA}.Release|Any CPU.ActiveCfg = Release|Any CPU
		{B85B8DB2-11EF-47B7-8A27-194A0E99C8AA}.Release|Any CPU.Build.0 = Release|Any CPU
		{B85B8DB2-11EF-47B7-8A27-194A0E99C8AA}.Release|x64.ActiveCfg = Release|Any CPU
		{B85B8DB2-11EF-47B7-8A27-194A0E99C8AA}.Release|x64.Build.0 = Release|Any CPU
		{B85B8DB2-11EF-47B7-8A27-194A0E99C8AA}.Release|x86.ActiveCfg = Release|Any CPU
		{B85B8DB2-11EF-47B7-8A27-194A0E99C8AA}.Release|x86.Build.0 = Release|Any CPU
	EndGlobalSection
	GlobalSection(SolutionProperties) = preSolution
		HideSolutionNode = FALSE
	EndGlobalSection
	GlobalSection(NestedProjects) = preSolution
		{B2CEBD30-10D2-45A8-8BC5-59C7D6369E97} = {DC49FA2E-1E60-4976-8D6F-618A4FFB7503}
		{34BBD13F-A907-4A4B-BDEF-5078C97E11D6} = {DC49FA2E-1E60-4976-8D6F-618A4FFB7503}
		{7E83ECCF-49A6-4AEF-91D3-26459BD722B9} = {0AB3BF05-4346-4AA6-1389-037BE0695223}
		{1F35B4CD-81D0-4A54-9D92-14EC0D099A37} = {4F52FD11-658E-A102-6CD3-7D7C16FFA15B}
		{0E08A00D-86C1-4068-A7E2-A200267D27C1} = {4F52FD11-658E-A102-6CD3-7D7C16FFA15B}
		{6E738700-F19F-83EF-9B5F-3C8900D73B86} = {CA253913-39DE-BFD0-C9A3-4B7EC6FBDF17}
		{DBB2282D-E37B-4DC1-9B4D-1AEB25A26F31} = {6E738700-F19F-83EF-9B5F-3C8900D73B86}
		{51319C0C-73B0-408E-845B-2154DF7F5F51} = {6E738700-F19F-83EF-9B5F-3C8900D73B86}
		{47EFC899-F875-42FE-ADC3-A5319F57F3F3} = {6E738700-F19F-83EF-9B5F-3C8900D73B86}
		{6A77D006-D345-4172-A422-29A5212A4D7F} = {6E738700-F19F-83EF-9B5F-3C8900D73B86}
		{7B5F340C-713E-E873-ABA4-E46AB42F0F51} = {CA253913-39DE-BFD0-C9A3-4B7EC6FBDF17}
		{51202186-181D-43C6-BB05-989E04A7DED7} = {7B5F340C-713E-E873-ABA4-E46AB42F0F51}
		{3E546519-2FBF-47DB-874E-E7C5B44F5205} = {7B5F340C-713E-E873-ABA4-E46AB42F0F51}
		{5A90957C-A7DC-425B-BE09-23107FF28F8C} = {7B5F340C-713E-E873-ABA4-E46AB42F0F51}
		{D9306DF7-C99E-4066-A0B8-55DD4CFF5BAC} = {7B5F340C-713E-E873-ABA4-E46AB42F0F51}
		{E786206D-41DF-7E7C-EFEE-0E57200D9493} = {CA253913-39DE-BFD0-C9A3-4B7EC6FBDF17}
		{F9801614-DE03-4181-B77B-3E5E1E54F744} = {E786206D-41DF-7E7C-EFEE-0E57200D9493}
		{41EA02EC-6A24-468A-B990-6D864F860F8B} = {E786206D-41DF-7E7C-EFEE-0E57200D9493}
		{25F1932F-A12B-482D-AE0C-0FF2375A2DB3} = {E786206D-41DF-7E7C-EFEE-0E57200D9493}
		{188F6208-D071-42C4-91D0-A35106919E05} = {E786206D-41DF-7E7C-EFEE-0E57200D9493}
		{1DF32145-DE29-4433-972E-D40B7C807622} = {0AB3BF05-4346-4AA6-1389-037BE0695223}
		{9DBDF68E-25A9-4206-9FF2-8080A9423059} = {0AB3BF05-4346-4AA6-1389-037BE0695223}
		{B1BBB126-67A4-41FF-A858-C90F105984BB} = {0AB3BF05-4346-4AA6-1389-037BE0695223}
		{6C68468F-E1E3-4D80-B4F4-34D2B05F3DF8} = {0AB3BF05-4346-4AA6-1389-037BE0695223}
		{D6231D20-38F8-4FC4-8DFD-9533CAA6A578} = {7B5F340C-713E-E873-ABA4-E46AB42F0F51}
		{880128C1-83E9-46FF-B766-700AAF6DED65} = {E786206D-41DF-7E7C-EFEE-0E57200D9493}
		{BBA0E3FF-7163-4C79-A905-F2037893CD67} = {6E738700-F19F-83EF-9B5F-3C8900D73B86}
		{6806AF9B-D404-458E-93A0-607551901F92} = {4F52FD11-658E-A102-6CD3-7D7C16FFA15B}
		{7DAB71D6-5BC6-40C0-A4BD-332AFC308A68} = {5854FF58-B8C5-05C6-5BF2-ACE42193F22B}
		{ACB3EF52-4ACB-46D8-8384-E3EC7DEE602B} = {5854FF58-B8C5-05C6-5BF2-ACE42193F22B}
		{B85B8DB2-11EF-47B7-8A27-194A0E99C8AA} = {5854FF58-B8C5-05C6-5BF2-ACE42193F22B}
	EndGlobalSection
EndGlobal
